
Microsoft Visual Studio Solution File, Format Version 12.00
# Visual Studio 15
VisualStudioVersion = 15.0.28307.168
MinimumVisualStudioVersion = 10.0.40219.1
Project("{FAE04EC0-301F-11D3-BF4B-00C04F79EFBC}") = "ArrayProcessing", "ArrayProcessing\ArrayProcessing.csproj", "{1D71D6B3-18C2-4BBE-B4EB-79D2BD6B1A0B}"
EndProject
Global
	GlobalSection(SolutionConfigurationPlatforms) = preSolution
		Debug|Any CPU = Debug|Any CPU
		Release|Any CPU = Release|Any CPU
	EndGlobalSection
	GlobalSection(ProjectConfigurationPlatforms) = postSolution
		{1D71D6B3-18C2-4BBE-B4EB-79D2BD6B1A0B}.Debug|Any CPU.ActiveCfg = Debug|Any CPU
		{1D71D6B3-18C2-4BBE-B4EB-79D2BD6B1A0B}.Debug|Any CPU.Build.0 = Debug|Any CPU
		{1D71D6B3-18C2-4BBE-B4EB-79D2BD6B1A0B}.Release|Any CPU.ActiveCfg = Release|Any CPU
		{1D71D6B3-18C2-4BBE-B4EB-79D2BD6B1A0B}.Release|Any CPU.Build.0 = Release|Any CPU
	EndGlobalSection
	GlobalSection(SolutionProperties) = preSolution
		HideSolutionNode = FALSE
	EndGlobalSection
	GlobalSection(ExtensibilityGlobals) = postSolution
		SolutionGuid = {0D1AD00E-DE41-4659-9434-45767F954209}
	EndGlobalSection
EndGlobal
